
Microsoft Visual Studio Solution File, Format Version 12.00
# Visual Studio Version 16
VisualStudioVersion = 16.0.30611.23
MinimumVisualStudioVersion = 10.0.40219.1
Project("{2150E333-8FDC-42A3-9474-1A3956D46DE8}") = "ApplicationCore", "ApplicationCore", "{572CA61F-A7C4-45D5-8B44-C0780A1B45C2}"
EndProject
Project("{2150E333-8FDC-42A3-9474-1A3956D46DE8}") = "Domain", "Domain", "{F3FAA102-E00D-4BD2-8B13-4BC070AF0D76}"
EndProject
Project("{2150E333-8FDC-42A3-9474-1A3956D46DE8}") = "Infrastructure.IoC", "Infrastructure.IoC", "{8B934BC9-3808-4C81-A3F5-B728B051931B}"
EndProject
Project("{2150E333-8FDC-42A3-9474-1A3956D46DE8}") = "Infrastructure.Data", "Infrastructure.Data", "{A8960078-E763-4FC5-89F3-A88FE0EADDFF}"
EndProject
Project("{2150E333-8FDC-42A3-9474-1A3956D46DE8}") = "Presentation", "Presentation", "{7861BEC3-DE99-45ED-BD2D-C176D7C81B7A}"
EndProject
Project("{9A19103F-16F7-4668-BE54-9A1E7A4F7556}") = "Clean.MVC", "Clean.MVC\Clean.MVC.csproj", "{97F07828-D9FC-4FFA-BFB6-545FCE253E91}"
EndProject
Project("{9A19103F-16F7-4668-BE54-9A1E7A4F7556}") = "Clean.Domain", "Clean.Domain\Clean.Domain.csproj", "{20C9C56B-C4CA-475C-9B73-0F2584147AE6}"
EndProject
Project("{FAE04EC0-301F-11D3-BF4B-00C04F79EFBC}") = "Clean.Infrastructure.Data", "Clean.Infrastructure.Data\Clean.Infrastructure.Data.csproj", "{AA2BE751-CA25-48E3-91CD-5CC878DC4508}"
EndProject
Project("{FAE04EC0-301F-11D3-BF4B-00C04F79EFBC}") = "Clean.ApplicationCore", "Clean.ApplicationCore\Clean.ApplicationCore.csproj", "{EF5A2DF2-D762-40DC-947D-8BCDF7BEAE43}"
EndProject
Project("{FAE04EC0-301F-11D3-BF4B-00C04F79EFBC}") = "Clean.Infrastructure.IoC", "Clean.Infrastructure.IoC\Clean.Infrastructure.IoC.csproj", "{3CA8C468-FDCD-4459-920E-BFCC27B724D2}"
EndProject
Project("{2150E333-8FDC-42A3-9474-1A3956D46DE8}") = "Infrastructure.Bus", "Infrastructure.Bus", "{7BB52C45-ADE7-4780-B5C5-6D27487C2B9C}"
EndProject
Project("{2150E333-8FDC-42A3-9474-1A3956D46DE8}") = "Api", "Api", "{920BD415-0200-4B37-9431-E63B205D9231}"
EndProject
Project("{FAE04EC0-301F-11D3-BF4B-00C04F79EFBC}") = "Clean.Infrastructure.Bus", "Clean.Infrastructure.Bus\Clean.Infrastructure.Bus.csproj", "{F9EFA57E-5D07-40A4-9D7C-294A3A5A6C15}"
EndProject
Project("{FAE04EC0-301F-11D3-BF4B-00C04F79EFBC}") = "Clean.Domain.Core", "Clean.Domain.Core\Clean.Domain.Core.csproj", "{BE49DC51-D24B-4F16-8DBA-655BAED54F98}"
EndProject
Global
	GlobalSection(SolutionConfigurationPlatforms) = preSolution
		Debug|Any CPU = Debug|Any CPU
		Release|Any CPU = Release|Any CPU
	EndGlobalSection
	GlobalSection(ProjectConfigurationPlatforms) = postSolution
		{97F07828-D9FC-4FFA-BFB6-545FCE253E91}.Debug|Any CPU.ActiveCfg = Debug|Any CPU
		{97F07828-D9FC-4FFA-BFB6-545FCE253E91}.Debug|Any CPU.Build.0 = Debug|Any CPU
		{97F07828-D9FC-4FFA-BFB6-545FCE253E91}.Release|Any CPU.ActiveCfg = Release|Any CPU
		{97F07828-D9FC-4FFA-BFB6-545FCE253E91}.Release|Any CPU.Build.0 = Release|Any CPU
		{20C9C56B-C4CA-475C-9B73-0F2584147AE6}.Debug|Any CPU.ActiveCfg = Debug|Any CPU
		{20C9C56B-C4CA-475C-9B73-0F2584147AE6}.Debug|Any CPU.Build.0 = Debug|Any CPU
		{20C9C56B-C4CA-475C-9B73-0F2584147AE6}.Release|Any CPU.ActiveCfg = Release|Any CPU
		{20C9C56B-C4CA-475C-9B73-0F2584147AE6}.Release|Any CPU.Build.0 = Release|Any CPU
		{AA2BE751-CA25-48E3-91CD-5CC878DC4508}.Debug|Any CPU.ActiveCfg = Debug|Any CPU
		{AA2BE751-CA25-48E3-91CD-5CC878DC4508}.Debug|Any CPU.Build.0 = Debug|Any CPU
		{AA2BE751-CA25-48E3-91CD-5CC878DC4508}.Release|Any CPU.ActiveCfg = Release|Any CPU
		{AA2BE751-CA25-48E3-91CD-5CC878DC4508}.Release|Any CPU.Build.0 = Release|Any CPU
		{EF5A2DF2-D762-40DC-947D-8BCDF7BEAE43}.Debug|Any CPU.ActiveCfg = Debug|Any CPU
		{EF5A2DF2-D762-40DC-947D-8BCDF7BEAE43}.Debug|Any CPU.Build.0 = Debug|Any CPU
		{EF5A2DF2-D762-40DC-947D-8BCDF7BEAE43}.Release|Any CPU.ActiveCfg = Release|Any CPU
		{EF5A2DF2-D762-40DC-947D-8BCDF7BEAE43}.Release|Any CPU.Build.0 = Release|Any CPU
		{3CA8C468-FDCD-4459-920E-BFCC27B724D2}.Debug|Any CPU.ActiveCfg = Debug|Any CPU
		{3CA8C468-FDCD-4459-920E-BFCC27B724D2}.Debug|Any CPU.Build.0 = Debug|Any CPU
		{3CA8C468-FDCD-4459-920E-BFCC27B724D2}.Release|Any CPU.ActiveCfg = Release|Any CPU
		{3CA8C468-FDCD-4459-920E-BFCC27B724D2}.Release|Any CPU.Build.0 = Release|Any CPU
		{F9EFA57E-5D07-40A4-9D7C-294A3A5A6C15}.Debug|Any CPU.ActiveCfg = Debug|Any CPU
		{F9EFA57E-5D07-40A4-9D7C-294A3A5A6C15}.Debug|Any CPU.Build.0 = Debug|Any CPU
		{F9EFA57E-5D07-40A4-9D7C-294A3A5A6C15}.Release|Any CPU.ActiveCfg = Release|Any CPU
		{F9EFA57E-5D07-40A4-9D7C-294A3A5A6C15}.Release|Any CPU.Build.0 = Release|Any CPU
		{BE49DC51-D24B-4F16-8DBA-655BAED54F98}.Debug|Any CPU.ActiveCfg = Debug|Any CPU
		{BE49DC51-D24B-4F16-8DBA-655BAED54F98}.Debug|Any CPU.Build.0 = Debug|Any CPU
		{BE49DC51-D24B-4F16-8DBA-655BAED54F98}.Release|Any CPU.ActiveCfg = Release|Any CPU
		{BE49DC51-D24B-4F16-8DBA-655BAED54F98}.Release|Any CPU.Build.0 = Release|Any CPU
	EndGlobalSection
	GlobalSection(SolutionProperties) = preSolution
		HideSolutionNode = FALSE
	EndGlobalSection
	GlobalSection(NestedProjects) = preSolution
		{97F07828-D9FC-4FFA-BFB6-545FCE253E91} = {7861BEC3-DE99-45ED-BD2D-C176D7C81B7A}
		{20C9C56B-C4CA-475C-9B73-0F2584147AE6} = {F3FAA102-E00D-4BD2-8B13-4BC070AF0D76}
		{AA2BE751-CA25-48E3-91CD-5CC878DC4508} = {A8960078-E763-4FC5-89F3-A88FE0EADDFF}
		{EF5A2DF2-D762-40DC-947D-8BCDF7BEAE43} = {572CA61F-A7C4-45D5-8B44-C0780A1B45C2}
		{3CA8C468-FDCD-4459-920E-BFCC27B724D2} = {8B934BC9-3808-4C81-A3F5-B728B051931B}
		{F9EFA57E-5D07-40A4-9D7C-294A3A5A6C15} = {7BB52C45-ADE7-4780-B5C5-6D27487C2B9C}
		{BE49DC51-D24B-4F16-8DBA-655BAED54F98} = {F3FAA102-E00D-4BD2-8B13-4BC070AF0D76}
	EndGlobalSection
	GlobalSection(ExtensibilityGlobals) = postSolution
		SolutionGuid = {DFAEF53F-7D50-4BA4-B6E9-F75C0996C861}
	EndGlobalSection
EndGlobal
